 Microsoft Visual Studio Solution File, Format Version 12.00
# Visual Studio Version 17
VisualStudioVersion = 17.4.33205.214
MinimumVisualStudioVersion = 10.0.40219.1

Global
	GlobalSection(SolutionConfigurationPlatforms) = preSolution
		Debug|Any CPU = Debug|Any CPU
		Release|Any CPU = Release|Any CPU
	EndGlobalSection
	GlobalSection(ProjectConfigurationPlatforms) = postSolution
		{0D5732C0-8283-4A2D-AB3F-6CFA32675D8B}.Debug|Any CPU.ActiveCfg = Debug|Any CPU
		{0D5732C0-8283-4A2D-AB3F-6CFA32675D8B}.Debug|Any CPU.Build.0 = Debug|Any CPU
		{0D5732C0-8283-4A2D-AB3F-6CFA32675D8B}.Release|Any CPU.ActiveCfg = Release|Any CPU
		{0D5732C0-8283-4A2D-AB3F-6CFA32675D8B}.Release|Any CPU.Build.0 = Release|Any CPU
		{E43842FC-4B3D-4EF1-BD56-C7B1BBF1D44E}.Debug|Any CPU.ActiveCfg = Debug|Any CPU
		{E43842FC-4B3D-4EF1-BD56-C7B1BBF1D44E}.Debug|Any CPU.Build.0 = Debug|Any CPU
		{E43842FC-4B3D-4EF1-BD56-C7B1BBF1D44E}.Release|Any CPU.ActiveCfg = Release|Any CPU
		{E43842FC-4B3D-4EF1-BD56-C7B1BBF1D44E}.Release|Any CPU.Build.0 = Release|Any CPU
		{1698C566-0D87-49D4-9AEB-4688F8457C0D}.Debug|Any CPU.ActiveCfg = Debug|Any CPU
		{1698C566-0D87-49D4-9AEB-4688F8457C0D}.Debug|Any CPU.Build.0 = Debug|Any CPU
		{1698C566-0D87-49D4-9AEB-4688F8457C0D}.Release|Any CPU.ActiveCfg = Release|Any CPU
		{1698C566-0D87-49D4-9AEB-4688F8457C0D}.Release|Any CPU.Build.0 = Release|Any CPU
		{F5E41540-05DD-4E89-A6A5-CF2987B9C70B}.Debug|Any CPU.ActiveCfg = Debug|Any CPU
		{F5E41540-05DD-4E89-A6A5-CF2987B9C70B}.Debug|Any CPU.Build.0 = Debug|Any CPU
		{F5E41540-05DD-4E89-A6A5-CF2987B9C70B}.Release|Any CPU.ActiveCfg = Release|Any CPU
		{F5E41540-05DD-4E89-A6A5-CF2987B9C70B}.Release|Any CPU.Build.0 = Release|Any CPU
		{21541020-D4B0-4998-A719-807F2FF11E8D}.Debug|Any CPU.ActiveCfg = Debug|Any CPU
		{21541020-D4B0-4998-A719-807F2FF11E8D}.Debug|Any CPU.Build.0 = Debug|Any CPU
		{21541020-D4B0-4998-A719-807F2FF11E8D}.Release|Any CPU.ActiveCfg = Release|Any CPU
		{21541020-D4B0-4998-A719-807F2FF11E8D}.Release|Any CPU.Build.0 = Release|Any CPU
	EndGlobalSection
	GlobalSection(SolutionProperties) = preSolution
		HideSolutionNode = FALSE
	EndGlobalSection
	GlobalSection(ExtensibilityGlobals) = postSolution
		SolutionGuid = {83496444-C1AA-495B-A7E7-0C5B6B5448D9}
	EndGlobalSection
EndGlobal
 

Project("ec0aa17a-2309-47d9-8fe8-09b584ff017e") = "Deneme.Core", "Deneme.Core\Deneme.Core.csproj", "4fde8daf-7181-43ac-90b5-a7bbc90cfa41"
EndProject
Project("5c8ccfc0-a314-4f96-8b75-493258f4703e") = "ViFactory", "ViFactory\ViFactory.csproj", "e154961a-4de6-40bc-b3df-37f122e134d3"
EndProject
Project("f24b1709-9601-4871-9ae2-9c482c82e695") = "Deneme.Dal", "Deneme.Dal\Deneme.Dal.csproj", "ac901f74-9300-40f0-b544-0659df850ca6"
EndProject
Project("56f97a95-fa4b-4297-be53-22166cd9c30f") = "Deneme.Bll", "Deneme.Bll\Deneme.Bll.csproj", "9629bc58-87f0-4100-86a3-cc4587932b1d"
EndProject
Project("be97549c-7f16-40c2-bc2c-84831e2003c9") = "ViFactory.Api", "ViFactory.Api\ViFactory.Api.csproj", "9072e93c-50c3-491c-8fa2-e9e3d0a1642d"
EndProject
Project("78c16906-ba12-4569-a543-7ed348bb4bcd") = "Deneme.Domain.Entities", "Deneme.Domain.Entities\Deneme.Domain.Entities.csproj", "0bf1cdd2-268f-4d50-9a9b-e579e6693bc0"
EndProject