 Microsoft Visual Studio Solution File, Format Version 12.00
# Visual Studio Version 17
VisualStudioVersion = 17.4.33205.214
MinimumVisualStudioVersion = 10.0.40219.1

Global
	GlobalSection(SolutionConfigurationPlatforms) = preSolution
		Debug|Any CPU = Debug|Any CPU
		Release|Any CPU = Release|Any CPU
	EndGlobalSection
	GlobalSection(ProjectConfigurationPlatforms) = postSolution
		{0D5732C0-8283-4A2D-AB3F-6CFA32675D8B}.Debug|Any CPU.ActiveCfg = Debug|Any CPU
		{0D5732C0-8283-4A2D-AB3F-6CFA32675D8B}.Debug|Any CPU.Build.0 = Debug|Any CPU
		{0D5732C0-8283-4A2D-AB3F-6CFA32675D8B}.Release|Any CPU.ActiveCfg = Release|Any CPU
		{0D5732C0-8283-4A2D-AB3F-6CFA32675D8B}.Release|Any CPU.Build.0 = Release|Any CPU
		{E43842FC-4B3D-4EF1-BD56-C7B1BBF1D44E}.Debug|Any CPU.ActiveCfg = Debug|Any CPU
		{E43842FC-4B3D-4EF1-BD56-C7B1BBF1D44E}.Debug|Any CPU.Build.0 = Debug|Any CPU
		{E43842FC-4B3D-4EF1-BD56-C7B1BBF1D44E}.Release|Any CPU.ActiveCfg = Release|Any CPU
		{E43842FC-4B3D-4EF1-BD56-C7B1BBF1D44E}.Release|Any CPU.Build.0 = Release|Any CPU
		{1698C566-0D87-49D4-9AEB-4688F8457C0D}.Debug|Any CPU.ActiveCfg = Debug|Any CPU
		{1698C566-0D87-49D4-9AEB-4688F8457C0D}.Debug|Any CPU.Build.0 = Debug|Any CPU
		{1698C566-0D87-49D4-9AEB-4688F8457C0D}.Release|Any CPU.ActiveCfg = Release|Any CPU
		{1698C566-0D87-49D4-9AEB-4688F8457C0D}.Release|Any CPU.Build.0 = Release|Any CPU
		{F5E41540-05DD-4E89-A6A5-CF2987B9C70B}.Debug|Any CPU.ActiveCfg = Debug|Any CPU
		{F5E41540-05DD-4E89-A6A5-CF2987B9C70B}.Debug|Any CPU.Build.0 = Debug|Any CPU
		{F5E41540-05DD-4E89-A6A5-CF2987B9C70B}.Release|Any CPU.ActiveCfg = Release|Any CPU
		{F5E41540-05DD-4E89-A6A5-CF2987B9C70B}.Release|Any CPU.Build.0 = Release|Any CPU
		{21541020-D4B0-4998-A719-807F2FF11E8D}.Debug|Any CPU.ActiveCfg = Debug|Any CPU
		{21541020-D4B0-4998-A719-807F2FF11E8D}.Debug|Any CPU.Build.0 = Debug|Any CPU
		{21541020-D4B0-4998-A719-807F2FF11E8D}.Release|Any CPU.ActiveCfg = Release|Any CPU
		{21541020-D4B0-4998-A719-807F2FF11E8D}.Release|Any CPU.Build.0 = Release|Any CPU
	EndGlobalSection
	GlobalSection(SolutionProperties) = preSolution
		HideSolutionNode = FALSE
	EndGlobalSection
	GlobalSection(ExtensibilityGlobals) = postSolution
		SolutionGuid = {83496444-C1AA-495B-A7E7-0C5B6B5448D9}
	EndGlobalSection
EndGlobal
 

Project("1d753bb0-aa5d-4491-be0d-70e70e3ba7a9") = "Artyfy.Core", "Artyfy.Core\Artyfy.Core.csproj", "481394ec-05a5-497f-96d9-193d262af0f7"
EndProject
Project("fe29f9ed-045d-4889-9e0a-392e8749137e") = "ViFactory", "ViFactory\ViFactory.csproj", "7de5762c-bbc2-45f8-a852-74c011bc8e90"
EndProject
Project("a2d720f7-6a01-4553-bfe3-9b0b58574129") = "Artyfy.Dal", "Artyfy.Dal\Artyfy.Dal.csproj", "e9019ee0-167d-4f9f-9336-34da6e115b90"
EndProject
Project("dc78457a-72c4-4823-8c15-4a5fd9d153cb") = "Artyfy.Bll.Dtos", "Artyfy.Bll.Dtos\Artyfy.Bll.Dtos.csproj", "197971a9-e1bd-4963-ac61-e9b927214fce"
EndProject
Project("ff63da29-4dd8-4a9f-9f90-01725bc4b7e6") = "Artyfy.Bll", "Artyfy.Bll\Artyfy.Bll.csproj", "dee050a1-6b87-46d7-a908-b3d78191b0f1"
EndProject
Project("6a3ff61b-634a-4353-b325-3e23b5f86aef") = "Artyfy.Domain.Entities", "Artyfy.Domain.Entities\Artyfy.Domain.Entities.csproj", "3b482964-3076-499d-87e5-87ae87d3639d"
EndProject