 Microsoft Visual Studio Solution File, Format Version 12.00
# Visual Studio Version 17
VisualStudioVersion = 17.4.33205.214
MinimumVisualStudioVersion = 10.0.40219.1

Global
	GlobalSection(SolutionConfigurationPlatforms) = preSolution
		Debug|Any CPU = Debug|Any CPU
		Release|Any CPU = Release|Any CPU
	EndGlobalSection
	GlobalSection(ProjectConfigurationPlatforms) = postSolution
		{0D5732C0-8283-4A2D-AB3F-6CFA32675D8B}.Debug|Any CPU.ActiveCfg = Debug|Any CPU
		{0D5732C0-8283-4A2D-AB3F-6CFA32675D8B}.Debug|Any CPU.Build.0 = Debug|Any CPU
		{0D5732C0-8283-4A2D-AB3F-6CFA32675D8B}.Release|Any CPU.ActiveCfg = Release|Any CPU
		{0D5732C0-8283-4A2D-AB3F-6CFA32675D8B}.Release|Any CPU.Build.0 = Release|Any CPU
		{E43842FC-4B3D-4EF1-BD56-C7B1BBF1D44E}.Debug|Any CPU.ActiveCfg = Debug|Any CPU
		{E43842FC-4B3D-4EF1-BD56-C7B1BBF1D44E}.Debug|Any CPU.Build.0 = Debug|Any CPU
		{E43842FC-4B3D-4EF1-BD56-C7B1BBF1D44E}.Release|Any CPU.ActiveCfg = Release|Any CPU
		{E43842FC-4B3D-4EF1-BD56-C7B1BBF1D44E}.Release|Any CPU.Build.0 = Release|Any CPU
		{1698C566-0D87-49D4-9AEB-4688F8457C0D}.Debug|Any CPU.ActiveCfg = Debug|Any CPU
		{1698C566-0D87-49D4-9AEB-4688F8457C0D}.Debug|Any CPU.Build.0 = Debug|Any CPU
		{1698C566-0D87-49D4-9AEB-4688F8457C0D}.Release|Any CPU.ActiveCfg = Release|Any CPU
		{1698C566-0D87-49D4-9AEB-4688F8457C0D}.Release|Any CPU.Build.0 = Release|Any CPU
		{F5E41540-05DD-4E89-A6A5-CF2987B9C70B}.Debug|Any CPU.ActiveCfg = Debug|Any CPU
		{F5E41540-05DD-4E89-A6A5-CF2987B9C70B}.Debug|Any CPU.Build.0 = Debug|Any CPU
		{F5E41540-05DD-4E89-A6A5-CF2987B9C70B}.Release|Any CPU.ActiveCfg = Release|Any CPU
		{F5E41540-05DD-4E89-A6A5-CF2987B9C70B}.Release|Any CPU.Build.0 = Release|Any CPU
		{21541020-D4B0-4998-A719-807F2FF11E8D}.Debug|Any CPU.ActiveCfg = Debug|Any CPU
		{21541020-D4B0-4998-A719-807F2FF11E8D}.Debug|Any CPU.Build.0 = Debug|Any CPU
		{21541020-D4B0-4998-A719-807F2FF11E8D}.Release|Any CPU.ActiveCfg = Release|Any CPU
		{21541020-D4B0-4998-A719-807F2FF11E8D}.Release|Any CPU.Build.0 = Release|Any CPU
	EndGlobalSection
	GlobalSection(SolutionProperties) = preSolution
		HideSolutionNode = FALSE
	EndGlobalSection
	GlobalSection(ExtensibilityGlobals) = postSolution
		SolutionGuid = {83496444-C1AA-495B-A7E7-0C5B6B5448D9}
	EndGlobalSection
EndGlobal
 

Project("e4ed4113-043d-4923-8ac8-c00650129d8a") = "New.Core", "New.Core\New.Core.csproj", "925170b4-434e-4702-8678-8c64e51d2084"
EndProject
Project("dc1df843-3226-4b0e-aa0c-9224edae5400") = "ViFactory", "ViFactory\ViFactory.csproj", "6de6a578-e0d9-415b-8bba-f8ba77fbcb1b"
EndProject
Project("5dd29bbe-685d-4628-aea3-35b736d1bd9f") = "New.Dal", "New.Dal\New.Dal.csproj", "584f875e-e3fa-49d2-9045-f11d7508202b"
EndProject
Project("290d4344-4099-42b0-8222-21e458742ad1") = "New.Bll", "New.Bll\New.Bll.csproj", "f96eca64-33e9-4113-b687-5f4d7ab740dd"
EndProject
Project("b332c90e-0f93-43c6-8eb4-5a9745ac9ae3") = "New.Api", "New.Api\New.Api.csproj", "12cbc0fa-e536-423a-a7e4-00d5efce4475"
EndProject
Project("f9422679-c3c3-405c-8371-ba610b8dc1db") = "New.Domain.Entities", "New.Domain.Entities\New.Domain.Entities.csproj", "9687f56a-4903-474f-80fa-464bd14196ba"
EndProject