 Microsoft Visual Studio Solution File, Format Version 12.00
# Visual Studio Version 17
VisualStudioVersion = 17.4.33205.214
MinimumVisualStudioVersion = 10.0.40219.1

Global
	GlobalSection(SolutionConfigurationPlatforms) = preSolution
		Debug|Any CPU = Debug|Any CPU
		Release|Any CPU = Release|Any CPU
	EndGlobalSection
	GlobalSection(ProjectConfigurationPlatforms) = postSolution
		{0D5732C0-8283-4A2D-AB3F-6CFA32675D8B}.Debug|Any CPU.ActiveCfg = Debug|Any CPU
		{0D5732C0-8283-4A2D-AB3F-6CFA32675D8B}.Debug|Any CPU.Build.0 = Debug|Any CPU
		{0D5732C0-8283-4A2D-AB3F-6CFA32675D8B}.Release|Any CPU.ActiveCfg = Release|Any CPU
		{0D5732C0-8283-4A2D-AB3F-6CFA32675D8B}.Release|Any CPU.Build.0 = Release|Any CPU
		{E43842FC-4B3D-4EF1-BD56-C7B1BBF1D44E}.Debug|Any CPU.ActiveCfg = Debug|Any CPU
		{E43842FC-4B3D-4EF1-BD56-C7B1BBF1D44E}.Debug|Any CPU.Build.0 = Debug|Any CPU
		{E43842FC-4B3D-4EF1-BD56-C7B1BBF1D44E}.Release|Any CPU.ActiveCfg = Release|Any CPU
		{E43842FC-4B3D-4EF1-BD56-C7B1BBF1D44E}.Release|Any CPU.Build.0 = Release|Any CPU
		{1698C566-0D87-49D4-9AEB-4688F8457C0D}.Debug|Any CPU.ActiveCfg = Debug|Any CPU
		{1698C566-0D87-49D4-9AEB-4688F8457C0D}.Debug|Any CPU.Build.0 = Debug|Any CPU
		{1698C566-0D87-49D4-9AEB-4688F8457C0D}.Release|Any CPU.ActiveCfg = Release|Any CPU
		{1698C566-0D87-49D4-9AEB-4688F8457C0D}.Release|Any CPU.Build.0 = Release|Any CPU
		{F5E41540-05DD-4E89-A6A5-CF2987B9C70B}.Debug|Any CPU.ActiveCfg = Debug|Any CPU
		{F5E41540-05DD-4E89-A6A5-CF2987B9C70B}.Debug|Any CPU.Build.0 = Debug|Any CPU
		{F5E41540-05DD-4E89-A6A5-CF2987B9C70B}.Release|Any CPU.ActiveCfg = Release|Any CPU
		{F5E41540-05DD-4E89-A6A5-CF2987B9C70B}.Release|Any CPU.Build.0 = Release|Any CPU
		{21541020-D4B0-4998-A719-807F2FF11E8D}.Debug|Any CPU.ActiveCfg = Debug|Any CPU
		{21541020-D4B0-4998-A719-807F2FF11E8D}.Debug|Any CPU.Build.0 = Debug|Any CPU
		{21541020-D4B0-4998-A719-807F2FF11E8D}.Release|Any CPU.ActiveCfg = Release|Any CPU
		{21541020-D4B0-4998-A719-807F2FF11E8D}.Release|Any CPU.Build.0 = Release|Any CPU
	EndGlobalSection
	GlobalSection(SolutionProperties) = preSolution
		HideSolutionNode = FALSE
	EndGlobalSection
	GlobalSection(ExtensibilityGlobals) = postSolution
		SolutionGuid = {83496444-C1AA-495B-A7E7-0C5B6B5448D9}
	EndGlobalSection
EndGlobal
 

Project("3edcf5ab-b7da-435f-8b78-320201bb741a") = "Tea.Core", "Tea.Core\Tea.Core.csproj", "421eee32-dee2-491a-81fd-dc66782772ef"
EndProject
Project("1436af0e-7f2a-4b3b-9809-182f3cc60d15") = "ViFactory", "ViFactory\ViFactory.csproj", "dcd829c8-922c-4bf3-9956-98fb7c316ded"
EndProject
Project("a117fa3b-2d78-4b30-814d-e90db6de3ea8") = "Tea.Dal", "Tea.Dal\Tea.Dal.csproj", "ba49e263-4957-4b25-9991-74a4b18487b8"
EndProject
Project("3cd520ce-bed8-42ef-a0e6-6f5143243ad3") = "Tea.Bll", "Tea.Bll\Tea.Bll.csproj", "71703552-125a-44b1-9688-673a713c64c8"
EndProject
Project("102ab96a-fa05-4884-bf25-b34c8e7854c0") = "ViFactory.Api", "ViFactory.Api\ViFactory.Api.csproj", "379bc9a9-5c8c-42d8-a8b7-9cd9e1ad57d7"
EndProject
Project("e79d6d64-fb24-42c2-a9ec-d1f4b07e195e") = "Tea.Domain.Entities", "Tea.Domain.Entities\Tea.Domain.Entities.csproj", "b8123b99-f132-45b2-952d-bb70227e0a4d"
EndProject