 Microsoft Visual Studio Solution File, Format Version 12.00
# Visual Studio Version 17
VisualStudioVersion = 17.4.33205.214
MinimumVisualStudioVersion = 10.0.40219.1

Global
	GlobalSection(SolutionConfigurationPlatforms) = preSolution
		Debug|Any CPU = Debug|Any CPU
		Release|Any CPU = Release|Any CPU
	EndGlobalSection
	GlobalSection(ProjectConfigurationPlatforms) = postSolution
		{0D5732C0-8283-4A2D-AB3F-6CFA32675D8B}.Debug|Any CPU.ActiveCfg = Debug|Any CPU
		{0D5732C0-8283-4A2D-AB3F-6CFA32675D8B}.Debug|Any CPU.Build.0 = Debug|Any CPU
		{0D5732C0-8283-4A2D-AB3F-6CFA32675D8B}.Release|Any CPU.ActiveCfg = Release|Any CPU
		{0D5732C0-8283-4A2D-AB3F-6CFA32675D8B}.Release|Any CPU.Build.0 = Release|Any CPU
		{E43842FC-4B3D-4EF1-BD56-C7B1BBF1D44E}.Debug|Any CPU.ActiveCfg = Debug|Any CPU
		{E43842FC-4B3D-4EF1-BD56-C7B1BBF1D44E}.Debug|Any CPU.Build.0 = Debug|Any CPU
		{E43842FC-4B3D-4EF1-BD56-C7B1BBF1D44E}.Release|Any CPU.ActiveCfg = Release|Any CPU
		{E43842FC-4B3D-4EF1-BD56-C7B1BBF1D44E}.Release|Any CPU.Build.0 = Release|Any CPU
		{1698C566-0D87-49D4-9AEB-4688F8457C0D}.Debug|Any CPU.ActiveCfg = Debug|Any CPU
		{1698C566-0D87-49D4-9AEB-4688F8457C0D}.Debug|Any CPU.Build.0 = Debug|Any CPU
		{1698C566-0D87-49D4-9AEB-4688F8457C0D}.Release|Any CPU.ActiveCfg = Release|Any CPU
		{1698C566-0D87-49D4-9AEB-4688F8457C0D}.Release|Any CPU.Build.0 = Release|Any CPU
		{F5E41540-05DD-4E89-A6A5-CF2987B9C70B}.Debug|Any CPU.ActiveCfg = Debug|Any CPU
		{F5E41540-05DD-4E89-A6A5-CF2987B9C70B}.Debug|Any CPU.Build.0 = Debug|Any CPU
		{F5E41540-05DD-4E89-A6A5-CF2987B9C70B}.Release|Any CPU.ActiveCfg = Release|Any CPU
		{F5E41540-05DD-4E89-A6A5-CF2987B9C70B}.Release|Any CPU.Build.0 = Release|Any CPU
		{21541020-D4B0-4998-A719-807F2FF11E8D}.Debug|Any CPU.ActiveCfg = Debug|Any CPU
		{21541020-D4B0-4998-A719-807F2FF11E8D}.Debug|Any CPU.Build.0 = Debug|Any CPU
		{21541020-D4B0-4998-A719-807F2FF11E8D}.Release|Any CPU.ActiveCfg = Release|Any CPU
		{21541020-D4B0-4998-A719-807F2FF11E8D}.Release|Any CPU.Build.0 = Release|Any CPU
	EndGlobalSection
	GlobalSection(SolutionProperties) = preSolution
		HideSolutionNode = FALSE
	EndGlobalSection
	GlobalSection(ExtensibilityGlobals) = postSolution
		SolutionGuid = {83496444-C1AA-495B-A7E7-0C5B6B5448D9}
	EndGlobalSection
EndGlobal
 

Project("ab86238f-5630-4802-8e7d-a58349702062") = "Tea.Core", "Tea.Core\Tea.Core.csproj", "327bc4a0-554e-4628-a0cf-c372bc57c92e"
EndProject
Project("f18de9a2-c6f2-49af-9589-ee07a4987fd9") = "ViFactory", "ViFactory\ViFactory.csproj", "ab07e5eb-7cf2-4f13-b340-d26a392698f3"
EndProject
Project("55816673-7039-4042-9d28-e71ab28d90be") = "Tea.Dal", "Tea.Dal\Tea.Dal.csproj", "89b52609-62bb-4c3e-bd41-0d1edb5ec548"
EndProject
Project("1886e633-9ae5-4948-813a-7faecdf9ee98") = "Tea.Bll", "Tea.Bll\Tea.Bll.csproj", "b00eedcf-c6b0-4ede-a836-9c65a1a0c41a"
EndProject
Project("ad0be98f-868f-447b-ab64-296f98aa18f6") = "Tea.Api", "Tea.Api\Tea.Api.csproj", "71b9c959-ea2b-45b2-86be-572c06747c0e"
EndProject
Project("3707b738-dd59-45eb-8ba1-ef1aef056e75") = "Tea.Domain.Entities", "Tea.Domain.Entities\Tea.Domain.Entities.csproj", "4d539b7c-7094-4c72-9de7-0ce5472e29e0"
EndProject