Microsoft Visual Studio Solution File, Format Version 12.00
# Visual Studio Version 17
VisualStudioVersion = 17.4.33205.214
MinimumVisualStudioVersion = 10.0.40219.1
Project("{9A19103F-16F7-4668-BE54-9A1E7A4F7556}") = "Coffee.Core", "Coffee.Core\Coffee.Core.csproj", "{5A30F6EE-B591-4038-ADF3-95B4F1046E8F}"
EndProject
Project("{9A19103F-16F7-4668-BE54-9A1E7A4F7556}") = "ViFactory", "ViFactory\ViFactory.csproj", "{9D549E87-C5E9-4222-AA40-C12FED24106F}"
EndProject
Project("{9A19103F-16F7-4668-BE54-9A1E7A4F7556}") = "Coffee.Dal", "Coffee.Dal\Coffee.Dal.csproj", "{EC9DCED4-E656-4C76-8E76-F27B1747476C}"
EndProject
Project("{9A19103F-16F7-4668-BE54-9A1E7A4F7556}") = "Coffee.Bll.Dtos", "Coffee.Bll.Dtos\Coffee.Bll.Dtos.csproj", "{B139F55E-E58A-45E2-AC4C-85D9407AE09F}"
EndProject
Project("{9A19103F-16F7-4668-BE54-9A1E7A4F7556}") = "Coffee.Bll", "Coffee.Bll\Coffee.Bll.csproj", "{1A0324D3-EDD3-4BB4-8C02-52976E1C5E57}"
EndProject
Global
	GlobalSection(SolutionConfigurationPlatforms) = preSolution
		Debug|Any CPU = Debug|Any CPU
		Release|Any CPU = Release|Any CPU
	EndGlobalSection
	GlobalSection(ProjectConfigurationPlatforms) = postSolution
		{5A30F6EE-B591-4038-ADF3-95B4F1046E8F}.Debug|Any CPU.ActiveCfg = Debug|Any CPU
		{5A30F6EE-B591-4038-ADF3-95B4F1046E8F}.Debug|Any CPU.Build.0 = Debug|Any CPU
		{5A30F6EE-B591-4038-ADF3-95B4F1046E8F}.Release|Any CPU.ActiveCfg = Release|Any CPU
		{5A30F6EE-B591-4038-ADF3-95B4F1046E8F}.Release|Any CPU.Build.0 = Release|Any CPU
		{9D549E87-C5E9-4222-AA40-C12FED24106F}.Debug|Any CPU.ActiveCfg = Debug|Any CPU
		{9D549E87-C5E9-4222-AA40-C12FED24106F}.Debug|Any CPU.Build.0 = Debug|Any CPU
		{9D549E87-C5E9-4222-AA40-C12FED24106F}.Release|Any CPU.ActiveCfg = Release|Any CPU
		{9D549E87-C5E9-4222-AA40-C12FED24106F}.Release|Any CPU.Build.0 = Release|Any CPU
		{EC9DCED4-E656-4C76-8E76-F27B1747476C}.Debug|Any CPU.ActiveCfg = Debug|Any CPU
		{EC9DCED4-E656-4C76-8E76-F27B1747476C}.Debug|Any CPU.Build.0 = Debug|Any CPU
		{EC9DCED4-E656-4C76-8E76-F27B1747476C}.Release|Any CPU.ActiveCfg = Release|Any CPU
		{EC9DCED4-E656-4C76-8E76-F27B1747476C}.Release|Any CPU.Build.0 = Release|Any CPU
		{B139F55E-E58A-45E2-AC4C-85D9407AE09F}.Debug|Any CPU.ActiveCfg = Debug|Any CPU
		{B139F55E-E58A-45E2-AC4C-85D9407AE09F}.Debug|Any CPU.Build.0 = Debug|Any CPU
		{B139F55E-E58A-45E2-AC4C-85D9407AE09F}.Release|Any CPU.ActiveCfg = Release|Any CPU
		{B139F55E-E58A-45E2-AC4C-85D9407AE09F}.Release|Any CPU.Build.0 = Release|Any CPU
		{1A0324D3-EDD3-4BB4-8C02-52976E1C5E57}.Debug|Any CPU.ActiveCfg = Debug|Any CPU
		{1A0324D3-EDD3-4BB4-8C02-52976E1C5E57}.Debug|Any CPU.Build.0 = Debug|Any CPU
		{1A0324D3-EDD3-4BB4-8C02-52976E1C5E57}.Release|Any CPU.ActiveCfg = Release|Any CPU
		{1A0324D3-EDD3-4BB4-8C02-52976E1C5E57}.Release|Any CPU.Build.0 = Release|Any CPU
	EndGlobalSection
	GlobalSection(SolutionProperties) = preSolution
		HideSolutionNode = FALSE
	EndGlobalSection
	GlobalSection(ExtensibilityGlobals) = postSolution
		SolutionGuid = {83496444-C1AA-495B-A7E7-0C5B6B5448D9}
	EndGlobalSection
EndGlobal
